
Microsoft Visual Studio Solution File, Format Version 12.00
# Visual Studio 2013
Project("{FAE04EC0-301F-11D3-BF4B-00C04F79EFBC}") = "UnityVS.Projet_AR.CSharp", "UnityVS.Projet_AR.CSharp.csproj", "{E1DDAA3F-A275-A8DB-EE35-41B125C968DA}"
EndProject
Project("{FAE04EC0-301F-11D3-BF4B-00C04F79EFBC}") = "UnityVS.Projet_AR.CSharp.Editor", "UnityVS.Projet_AR.CSharp.Editor.csproj", "{D312DD9C-51E3-22EC-2F9F-FD10E08EC02D}"
EndProject
Global
	GlobalSection(SolutionConfigurationPlatforms) = preSolution
		Debug|Any CPU = Debug|Any CPU
		Release|Any CPU = Release|Any CPU
	EndGlobalSection
	GlobalSection(ProjectConfigurationPlatforms) = postSolution
		{E1DDAA3F-A275-A8DB-EE35-41B125C968DA}.Debug|Any CPU.ActiveCfg = Debug|Any CPU
		{E1DDAA3F-A275-A8DB-EE35-41B125C968DA}.Debug|Any CPU.Build.0 = Debug|Any CPU
		{E1DDAA3F-A275-A8DB-EE35-41B125C968DA}.Release|Any CPU.ActiveCfg = Release|Any CPU
		{E1DDAA3F-A275-A8DB-EE35-41B125C968DA}.Release|Any CPU.Build.0 = Release|Any CPU
		{D312DD9C-51E3-22EC-2F9F-FD10E08EC02D}.Debug|Any CPU.ActiveCfg = Debug|Any CPU
		{D312DD9C-51E3-22EC-2F9F-FD10E08EC02D}.Debug|Any CPU.Build.0 = Debug|Any CPU
		{D312DD9C-51E3-22EC-2F9F-FD10E08EC02D}.Release|Any CPU.ActiveCfg = Release|Any CPU
		{D312DD9C-51E3-22EC-2F9F-FD10E08EC02D}.Release|Any CPU.Build.0 = Release|Any CPU
	EndGlobalSection
	GlobalSection(SolutionProperties) = preSolution
		HideSolutionNode = FALSE
	EndGlobalSection
EndGlobal
